
Microsoft Visual Studio Solution File, Format Version 12.00
# Visual Studio Version 16
VisualStudioVersion = 16.0.30128.74
MinimumVisualStudioVersion = 10.0.40219.1
Project("{9A19103F-16F7-4668-BE54-9A1E7A4F7556}") = "Alvianda.Software.Portals.COMD", "Alvianda.Software.Portals.COMD\Alvianda.Software.Portals.COMD.csproj", "{C1BAB543-F1EB-446E-9071-38BB0DC1FB80}"
EndProject
Project("{9A19103F-16F7-4668-BE54-9A1E7A4F7556}") = "Alvianda.Software.Service.COMD", "Alvianda.Software.Service.COMD\Alvianda.Software.Service.COMD.csproj", "{ED6B505C-7FC1-4974-A785-EC28092FB73B}"
EndProject
Global
	GlobalSection(SolutionConfigurationPlatforms) = preSolution
		Debug|Any CPU = Debug|Any CPU
		Release|Any CPU = Release|Any CPU
	EndGlobalSection
	GlobalSection(ProjectConfigurationPlatforms) = postSolution
		{C1BAB543-F1EB-446E-9071-38BB0DC1FB80}.Debug|Any CPU.ActiveCfg = Debug|Any CPU
		{C1BAB543-F1EB-446E-9071-38BB0DC1FB80}.Debug|Any CPU.Build.0 = Debug|Any CPU
		{C1BAB543-F1EB-446E-9071-38BB0DC1FB80}.Release|Any CPU.ActiveCfg = Release|Any CPU
		{C1BAB543-F1EB-446E-9071-38BB0DC1FB80}.Release|Any CPU.Build.0 = Release|Any CPU
		{ED6B505C-7FC1-4974-A785-EC28092FB73B}.Debug|Any CPU.ActiveCfg = Debug|Any CPU
		{ED6B505C-7FC1-4974-A785-EC28092FB73B}.Debug|Any CPU.Build.0 = Debug|Any CPU
		{ED6B505C-7FC1-4974-A785-EC28092FB73B}.Release|Any CPU.ActiveCfg = Release|Any CPU
		{ED6B505C-7FC1-4974-A785-EC28092FB73B}.Release|Any CPU.Build.0 = Release|Any CPU
	EndGlobalSection
	GlobalSection(SolutionProperties) = preSolution
		HideSolutionNode = FALSE
	EndGlobalSection
	GlobalSection(ExtensibilityGlobals) = postSolution
		SolutionGuid = {7A959BCA-09DD-4025-8010-E0114742108D}
	EndGlobalSection
EndGlobal
