
Microsoft Visual Studio Solution File, Format Version 12.00
# Visual Studio Version 16
VisualStudioVersion = 16.0.30128.74
MinimumVisualStudioVersion = 10.0.40219.1
Project("{9A19103F-16F7-4668-BE54-9A1E7A4F7556}") = "Alvianda.Software.Portals.COMP", "Alvianda.Software.Portals.COMP\Alvianda.Software.Portals.COMP.csproj", "{7BD1DB37-FADE-465A-91E8-8E4B52A23012}"
EndProject
Project("{9A19103F-16F7-4668-BE54-9A1E7A4F7556}") = "Alvianda.Software.Service.COMP", "Alvianda.Software.Service.COMP\Alvianda.Software.Service.COMP.csproj", "{C2AE6540-954B-4138-9C1C-CE1B36B57B96}"
EndProject
Global
	GlobalSection(SolutionConfigurationPlatforms) = preSolution
		Debug|Any CPU = Debug|Any CPU
		Release|Any CPU = Release|Any CPU
	EndGlobalSection
	GlobalSection(ProjectConfigurationPlatforms) = postSolution
		{7BD1DB37-FADE-465A-91E8-8E4B52A23012}.Debug|Any CPU.ActiveCfg = Debug|Any CPU
		{7BD1DB37-FADE-465A-91E8-8E4B52A23012}.Debug|Any CPU.Build.0 = Debug|Any CPU
		{7BD1DB37-FADE-465A-91E8-8E4B52A23012}.Release|Any CPU.ActiveCfg = Release|Any CPU
		{7BD1DB37-FADE-465A-91E8-8E4B52A23012}.Release|Any CPU.Build.0 = Release|Any CPU
		{C2AE6540-954B-4138-9C1C-CE1B36B57B96}.Debug|Any CPU.ActiveCfg = Debug|Any CPU
		{C2AE6540-954B-4138-9C1C-CE1B36B57B96}.Debug|Any CPU.Build.0 = Debug|Any CPU
		{C2AE6540-954B-4138-9C1C-CE1B36B57B96}.Release|Any CPU.ActiveCfg = Release|Any CPU
		{C2AE6540-954B-4138-9C1C-CE1B36B57B96}.Release|Any CPU.Build.0 = Release|Any CPU
	EndGlobalSection
	GlobalSection(SolutionProperties) = preSolution
		HideSolutionNode = FALSE
	EndGlobalSection
	GlobalSection(ExtensibilityGlobals) = postSolution
		SolutionGuid = {7A959BCA-09DD-4025-8010-E0114742108D}
	EndGlobalSection
EndGlobal
